
Microsoft Visual Studio Solution File, Format Version 12.00
# Visual Studio 15
VisualStudioVersion = 15.0.28010.2016
MinimumVisualStudioVersion = 10.0.40219.1
Project("{FAE04EC0-301F-11D3-BF4B-00C04F79EFBC}") = "LoanCalculator", "LoanCalculator\LoanCalculator.csproj", "{EED4E8B3-1F36-4054-A987-C4B23338BEFD}"
EndProject
Global
	GlobalSection(SolutionConfigurationPlatforms) = preSolution
		Debug|Any CPU = Debug|Any CPU
		Release|Any CPU = Release|Any CPU
	EndGlobalSection
	GlobalSection(ProjectConfigurationPlatforms) = postSolution
		{EED4E8B3-1F36-4054-A987-C4B23338BEFD}.Debug|Any CPU.ActiveCfg = Debug|Any CPU
		{EED4E8B3-1F36-4054-A987-C4B23338BEFD}.Debug|Any CPU.Build.0 = Debug|Any CPU
		{EED4E8B3-1F36-4054-A987-C4B23338BEFD}.Release|Any CPU.ActiveCfg = Release|Any CPU
		{EED4E8B3-1F36-4054-A987-C4B23338BEFD}.Release|Any CPU.Build.0 = Release|Any CPU
	EndGlobalSection
	GlobalSection(SolutionProperties) = preSolution
		HideSolutionNode = FALSE
	EndGlobalSection
	GlobalSection(ExtensibilityGlobals) = postSolution
		SolutionGuid = {B32F7952-1D10-47B7-AC77-CDC4AB17F401}
	EndGlobalSection
EndGlobal
